# This file is automatically @generated by Cargo.
# It is not intended for manual editing.
version = 4

[[package]]
name = "coreshift-core"
version = "1.2.12"
source = "registry+https://github.com/rust-lang/crates.io-index"
checksum = "1942ff2ef8afc8a7dddc9332f978effbc5399e20c8ec2b9a6e2d986b5e690a95"
dependencies = [
 "libc",
]

[[package]]
name = "coreshift-foreground"
version = "0.1.9"
source = "registry+https://github.com/rust-lang/crates.io-index"
checksum = "d15dca101f2e023f4da0c6501dab5e1dfa48dd65b584f7bf4093ed4c45bb0dfa"
dependencies = [
 "coreshift-core",
]

[[package]]
name = "libc"
version = "0.2.186"
source = "registry+https://github.com/rust-lang/crates.io-index"
checksum = "68ab91017fe16c622486840e4c83c9a37afeff978bd239b5293d61ece587de66"

[[package]]
name = "utensil-wd"
version = "0.1.2"
dependencies = [
 "coreshift-core",
 "coreshift-foreground",
]
